// !$*UTF8*$!
{
	archiveVersion = 1;
	classes = {
	};
	objectVersion = 52;
	objects = {

/* Begin PBXBuildFile section */
		BA1BAD6F23236BC600D395EA /* AppDelegate.swift in Sources */ = {isa = PBXBuildFile; fileRef = BA1BAD6E23236BC600D395EA /* AppDelegate.swift */; };
		BA1BAD7123236BC600D395EA /* ViewController.swift in Sources */ = {isa = PBXBuildFile; fileRef = BA1BAD7023236BC600D395EA /* ViewController.swift */; };
		BA1BAD7323236BC700D395EA /* Assets.xcassets in Resources */ = {isa = PBXBuildFile; fileRef = BA1BAD7223236BC700D395EA /* Assets.xcassets */; };
		BA1BAD7623236BC700D395EA /* Main.storyboard in Resources */ = {isa = PBXBuildFile; fileRef = BA1BAD7423236BC700D395EA /* Main.storyboard */; };
		BA1BAD8123236C1800D395EA /* CodeView5 in Frameworks */ = {isa = PBXBuildFile; productRef = BA1BAD8023236C1800D395EA /* CodeView5 */; };
		BA1BAD8323236C3900D395EA /* DemoView.swift in Sources */ = {isa = PBXBuildFile; fileRef = BA1BAD8223236C3900D395EA /* DemoView.swift */; };
/* End PBXBuildFile section */

/* Begin PBXFileReference section */
		BA1BAD6B23236BC600D395EA /* CodeView5Demo.app */ = {isa = PBXFileReference; explicitFileType = wrapper.application; includeInIndex = 0; path = CodeView5Demo.app; sourceTree = BUILT_PRODUCTS_DIR; };
		BA1BAD6E23236BC600D395EA /* AppDelegate.swift */ = {isa = PBXFileReference; lastKnownFileType = sourcecode.swift; path = AppDelegate.swift; sourceTree = "<group>"; };
		BA1BAD7023236BC600D395EA /* ViewController.swift */ = {isa = PBXFileReference; lastKnownFileType = sourcecode.swift; path = ViewController.swift; sourceTree = "<group>"; };
		BA1BAD7223236BC700D395EA /* Assets.xcassets */ = {isa = PBXFileReference; lastKnownFileType = folder.assetcatalog; path = Assets.xcassets; sourceTree = "<group>"; };
		BA1BAD7523236BC700D395EA /* Base */ = {isa = PBXFileReference; lastKnownFileType = file.storyboard; name = Base; path = Base.lproj/Main.storyboard; sourceTree = "<group>"; };
		BA1BAD7723236BC700D395EA /* Info.plist */ = {isa = PBXFileReference; lastKnownFileType = text.plist.xml; path = Info.plist; sourceTree = "<group>"; };
		BA1BAD7823236BC700D395EA /* CodeView5Demo.entitlements */ = {isa = PBXFileReference; lastKnownFileType = text.plist.entitlements; path = CodeView5Demo.entitlements; sourceTree = "<group>"; };
		BA1BAD7E23236C0000D395EA /*  */ = {isa = PBXFileReference; lastKnownFileType = folder; name = ""; sourceTree = "<group>"; };
		BA1BAD8223236C3900D395EA /* DemoView.swift */ = {isa = PBXFileReference; fileEncoding = 4; lastKnownFileType = sourcecode.swift; path = DemoView.swift; sourceTree = "<group>"; };
/* End PBXFileReference section */

/* Begin PBXFrameworksBuildPhase section */
		BA1BAD6823236BC600D395EA /* Frameworks */ = {
			isa = PBXFrameworksBuildPhase;
			buildActionMask = 2147483647;
			files = (
				BA1BAD8123236C1800D395EA /* CodeView5 in Frameworks */,
			);
			runOnlyForDeploymentPostprocessing = 0;
		};
/* End PBXFrameworksBuildPhase section */

/* Begin PBXGroup section */
		BA1BAD6223236BC600D395EA = {
			isa = PBXGroup;
			children = (
				BA1BAD7E23236C0000D395EA /*  */,
				BA1BAD6D23236BC600D395EA /* CodeView5Demo */,
				BA1BAD6C23236BC600D395EA /* Products */,
				BA1BAD7F23236C1800D395EA /* Frameworks */,
			);
			sourceTree = "<group>";
		};
		BA1BAD6C23236BC600D395EA /* Products */ = {
			isa = PBXGroup;
			children = (
				BA1BAD6B23236BC600D395EA /* CodeView5Demo.app */,
			);
			name = Products;
			sourceTree = "<group>";
		};
		BA1BAD6D23236BC600D395EA /* CodeView5Demo */ = {
			isa = PBXGroup;
			children = (
				BA1BAD8223236C3900D395EA /* DemoView.swift */,
				BA1BAD6E23236BC600D395EA /* AppDelegate.swift */,
				BA1BAD7023236BC600D395EA /* ViewController.swift */,
				BA1BAD7223236BC700D395EA /* Assets.xcassets */,
				BA1BAD7423236BC700D395EA /* Main.storyboard */,
				BA1BAD7723236BC700D395EA /* Info.plist */,
				BA1BAD7823236BC700D395EA /* CodeView5Demo.entitlements */,
			);
			path = CodeView5Demo;
			sourceTree = "<group>";
		};
		BA1BAD7F23236C1800D395EA /* Frameworks */ = {
			isa = PBXGroup;
			children = (
			);
			name = Frameworks;
			sourceTree = "<group>";
		};
/* End PBXGroup section */

/* Begin PBXNativeTarget section */
		BA1BAD6A23236BC600D395EA /* CodeView5Demo */ = {
			isa = PBXNativeTarget;
			buildConfigurationList = BA1BAD7B23236BC700D395EA /* Build configuration list for PBXNativeTarget "CodeView5Demo" */;
			buildPhases = (
				BA1BAD6723236BC600D395EA /* Sources */,
				BA1BAD6823236BC600D395EA /* Frameworks */,
				BA1BAD6923236BC600D395EA /* Resources */,
			);
			buildRules = (
			);
			dependencies = (
			);
			name = CodeView5Demo;
			packageProductDependencies = (
				BA1BAD8023236C1800D395EA /* CodeView5 */,
			);
			productName = CodeView5Demo;
			productReference = BA1BAD6B23236BC600D395EA /* CodeView5Demo.app */;
			productType = "com.apple.product-type.application";
		};
/* End PBXNativeTarget section */

/* Begin PBXProject section */
		BA1BAD6323236BC600D395EA /* Project object */ = {
			isa = PBXProject;
			attributes = {
				LastSwiftUpdateCheck = 1100;
				LastUpgradeCheck = 1100;
				ORGANIZATIONNAME = "Henry Hathaway";
				TargetAttributes = {
					BA1BAD6A23236BC600D395EA = {
						CreatedOnToolsVersion = 11.0;
					};
				};
			};
			buildConfigurationList = BA1BAD6623236BC600D395EA /* Build configuration list for PBXProject "CodeView5Demo" */;
			compatibilityVersion = "Xcode 9.3";
			developmentRegion = en;
			hasScannedForEncodings = 0;
			knownRegions = (
				en,
				Base,
			);
			mainGroup = BA1BAD6223236BC600D395EA;
			productRefGroup = BA1BAD6C23236BC600D395EA /* Products */;
			projectDirPath = "";
			projectRoot = "";
			targets = (
				BA1BAD6A23236BC600D395EA /* CodeView5Demo */,
			);
		};
/* End PBXProject section */

/* Begin PBXResourcesBuildPhase section */
		BA1BAD6923236BC600D395EA /* Resources */ = {
			isa = PBXResourcesBuildPhase;
			buildActionMask = 2147483647;
			files = (
				BA1BAD7323236BC700D395EA /* Assets.xcassets in Resources */,
				BA1BAD7623236BC700D395EA /* Main.storyboard in Resources */,
			);
			runOnlyForDeploymentPostprocessing = 0;
		};
/* End PBXResourcesBuildPhase section */

/* Begin PBXSourcesBuildPhase section */
		BA1BAD6723236BC600D395EA /* Sources */ = {
			isa = PBXSourcesBuildPhase;
			buildActionMask = 2147483647;
			files = (
				BA1BAD7123236BC600D395EA /* ViewController.swift in Sources */,
				BA1BAD8323236C3900D395EA /* DemoView.swift in Sources */,
				BA1BAD6F23236BC600D395EA /* AppDelegate.swift in Sources */,
			);
			runOnlyForDeploymentPostprocessing = 0;
		};
/* End PBXSourcesBuildPhase section */

/* Begin PBXVariantGroup section */
		BA1BAD7423236BC700D395EA /* Main.storyboard */ = {
			isa = PBXVariantGroup;
			children = (
				BA1BAD7523236BC700D395EA /* Base */,
			);
			name = Main.storyboard;
			sourceTree = "<group>";
		};
/* End PBXVariantGroup section */

/* Begin XCBuildConfiguration section */
		BA1BAD7923236BC700D395EA /* Debug */ = {
			isa = XCBuildConfiguration;
			buildSettings = {
				ALWAYS_SEARCH_USER_PATHS = NO;
				CLANG_ANALYZER_NONNULL = YES;
				CLANG_ANALYZER_NUMBER_OBJECT_CONVERSION = YES_AGGRESSIVE;
				CLANG_CXX_LANGUAGE_STANDARD = "gnu++14";
				CLANG_CXX_LIBRARY = "libc++";
				CLANG_ENABLE_MODULES = YES;
				CLANG_ENABLE_OBJC_ARC = YES;
				CLANG_ENABLE_OBJC_WEAK = YES;
				CLANG_WARN_BLOCK_CAPTURE_AUTORELEASING = YES;
				CLANG_WARN_BOOL_CONVERSION = YES;
				CLANG_WARN_COMMA = YES;
				CLANG_WARN_CONSTANT_CONVERSION = YES;
				CLANG_WARN_DEPRECATED_OBJC_IMPLEMENTATIONS = YES;
				CLANG_WARN_DIRECT_OBJC_ISA_USAGE = YES_ERROR;
				CLANG_WARN_DOCUMENTATION_COMMENTS = YES;
				CLANG_WARN_EMPTY_BODY = YES;
				CLANG_WARN_ENUM_CONVERSION = YES;
				CLANG_WARN_INFINITE_RECURSION = YES;
				CLANG_WARN_INT_CONVERSION = YES;
				CLANG_WARN_NON_LITERAL_NULL_CONVERSION = YES;
				CLANG_WARN_OBJC_IMPLICIT_RETAIN_SELF = YES;
				CLANG_WARN_OBJC_LITERAL_CONVERSION = YES;
				CLANG_WARN_OBJC_ROOT_CLASS = YES_ERROR;
				CLANG_WARN_RANGE_LOOP_ANALYSIS = YES;
				CLANG_WARN_STRICT_PROTOTYPES = YES;
				CLANG_WARN_SUSPICIOUS_MOVE = YES;
				CLANG_WARN_UNGUARDED_AVAILABILITY = YES_AGGRESSIVE;
				CLANG_WARN_UNREACHABLE_CODE = YES;
				CLANG_WARN__DUPLICATE_METHOD_MATCH = YES;
				COPY_PHASE_STRIP = NO;
				DEBUG_INFORMATION_FORMAT = dwarf;
				ENABLE_STRICT_OBJC_MSGSEND = YES;
				ENABLE_TESTABILITY = YES;
				GCC_C_LANGUAGE_STANDARD = gnu11;
				GCC_DYNAMIC_NO_PIC = NO;
				GCC_NO_COMMON_BLOCKS = YES;
				GCC_OPTIMIZATION_LEVEL = 0;
				GCC_PREPROCESSOR_DEFINITIONS = (
					"DEBUG=1",
					"$(inherited)",
				);
				GCC_WARN_64_TO_32_BIT_CONVERSION = YES;
				GCC_WARN_ABOUT_RETURN_TYPE = YES_ERROR;
				GCC_WARN_UNDECLARED_SELECTOR = YES;
				GCC_WARN_UNINITIALIZED_AUTOS = YES_AGGRESSIVE;
				GCC_WARN_UNUSED_FUNCTION = YES;
				GCC_WARN_UNUSED_VARIABLE = YES;
				MACOSX_DEPLOYMENT_TARGET = 10.15;
				MTL_ENABLE_DEBUG_INFO = INCLUDE_SOURCE;
				MTL_FAST_MATH = YES;
				ONLY_ACTIVE_ARCH = YES;
				SDKROOT = macosx;
				SWIFT_ACTIVE_COMPILATION_CONDITIONS = DEBUG;
				SWIFT_OPTIMIZATION_LEVEL = "-Onone";
			};
			name = Debug;
		};
		BA1BAD7A23236BC700D395EA /* Release */ = {
			isa = XCBuildConfiguration;
			buildSettings = {
				ALWAYS_SEARCH_USER_PATHS = NO;
				CLANG_ANALYZER_NONNULL = YES;
				CLANG_ANALYZER_NUMBER_OBJECT_CONVERSION = YES_AGGRESSIVE;
				CLANG_CXX_LANGUAGE_STANDARD = "gnu++14";
				CLANG_CXX_LIBRARY = "libc++";
				CLANG_ENABLE_MODULES = YES;
				CLANG_ENABLE_OBJC_ARC = YES;
				CLANG_ENABLE_OBJC_WEAK = YES;
				CLANG_WARN_BLOCK_CAPTURE_AUTORELEASING = YES;
				CLANG_WARN_BOOL_CONVERSION = YES;
				CLANG_WARN_COMMA = YES;
				CLANG_WARN_CONSTANT_CONVERSION = YES;
				CLANG_WARN_DEPRECATED_OBJC_IMPLEMENTATIONS = YES;
				CLANG_WARN_DIRECT_OBJC_ISA_USAGE = YES_ERROR;
				CLANG_WARN_DOCUMENTATION_COMMENTS = YES;
				CLANG_WARN_EMPTY_BODY = YES;
				CLANG_WARN_ENUM_CONVERSION = YES;
				CLANG_WARN_INFINITE_RECURSION = YES;
				CLANG_WARN_INT_CONVERSION = YES;
				CLANG_WARN_NON_LITERAL_NULL_CONVERSION = YES;
				CLANG_WARN_OBJC_IMPLICIT_RETAIN_SELF = YES;
				CLANG_WARN_OBJC_LITERAL_CONVERSION = YES;
				CLANG_WARN_OBJC_ROOT_CLASS = YES_ERROR;
				CLANG_WARN_RANGE_LOOP_ANALYSIS = YES;
				CLANG_WARN_STRICT_PROTOTYPES = YES;
				CLANG_WARN_SUSPICIOUS_MOVE = YES;
				CLANG_WARN_UNGUARDED_AVAILABILITY = YES_AGGRESSIVE;
				CLANG_WARN_UNREACHABLE_CODE = YES;
				CLANG_WARN__DUPLICATE_METHOD_MATCH = YES;
				COPY_PHASE_STRIP = NO;
				DEBUG_INFORMATION_FORMAT = "dwarf-with-dsym";
				ENABLE_NS_ASSERTIONS = NO;
				ENABLE_STRICT_OBJC_MSGSEND = YES;
				GCC_C_LANGUAGE_STANDARD = gnu11;
				GCC_NO_COMMON_BLOCKS = YES;
				GCC_WARN_64_TO_32_BIT_CONVERSION = YES;
				GCC_WARN_ABOUT_RETURN_TYPE = YES_ERROR;
				GCC_WARN_UNDECLARED_SELECTOR = YES;
				GCC_WARN_UNINITIALIZED_AUTOS = YES_AGGRESSIVE;
				GCC_WARN_UNUSED_FUNCTION = YES;
				GCC_WARN_UNUSED_VARIABLE = YES;
				MACOSX_DEPLOYMENT_TARGET = 10.15;
				MTL_ENABLE_DEBUG_INFO = NO;
				MTL_FAST_MATH = YES;
				SDKROOT = macosx;
				SWIFT_COMPILATION_MODE = wholemodule;
				SWIFT_OPTIMIZATION_LEVEL = "-O";
			};
			name = Release;
		};
		BA1BAD7C23236BC700D395EA /* Debug */ = {
			isa = XCBuildConfiguration;
			buildSettings = {
				ASSETCATALOG_COMPILER_APPICON_NAME = AppIcon;
				CODE_SIGN_ENTITLEMENTS = CodeView5Demo/CodeView5Demo.entitlements;
				CODE_SIGN_STYLE = Automatic;
				COMBINE_HIDPI_IMAGES = YES;
				INFOPLIST_FILE = CodeView5Demo/Info.plist;
				LD_RUNPATH_SEARCH_PATHS = (
					"$(inherited)",
					"@executable_path/../Frameworks",
				);
				PRODUCT_BUNDLE_IDENTIFIER = Eonil.CodeView5Demo;
				PRODUCT_NAME = "$(TARGET_NAME)";
				SWIFT_VERSION = 5.0;
			};
			name = Debug;
		};
		BA1BAD7D23236BC700D395EA /* Release */ = {
			isa = XCBuildConfiguration;
			buildSettings = {
				ASSETCATALOG_COMPILER_APPICON_NAME = AppIcon;
				CODE_SIGN_ENTITLEMENTS = CodeView5Demo/CodeView5Demo.entitlements;
				CODE_SIGN_STYLE = Automatic;
				COMBINE_HIDPI_IMAGES = YES;
				INFOPLIST_FILE = CodeView5Demo/Info.plist;
				LD_RUNPATH_SEARCH_PATHS = (
					"$(inherited)",
					"@executable_path/../Frameworks",
				);
				PRODUCT_BUNDLE_IDENTIFIER = Eonil.CodeView5Demo;
				PRODUCT_NAME = "$(TARGET_NAME)";
				SWIFT_VERSION = 5.0;
			};
			name = Release;
		};
/* End XCBuildConfiguration section */

/* Begin XCConfigurationList section */
		BA1BAD6623236BC600D395EA /* Build configuration list for PBXProject "CodeView5Demo" */ = {
			isa = XCConfigurationList;
			buildConfigurations = (
				BA1BAD7923236BC700D395EA /* Debug */,
				BA1BAD7A23236BC700D395EA /* Release */,
			);
			defaultConfigurationIsVisible = 0;
			defaultConfigurationName = Release;
		};
		BA1BAD7B23236BC700D395EA /* Build configuration list for PBXNativeTarget "CodeView5Demo" */ = {
			isa = XCConfigurationList;
			buildConfigurations = (
				BA1BAD7C23236BC700D395EA /* Debug */,
				BA1BAD7D23236BC700D395EA /* Release */,
			);
			defaultConfigurationIsVisible = 0;
			defaultConfigurationName = Release;
		};
/* End XCConfigurationList section */

/* Begin XCSwiftPackageProductDependency section */
		BA1BAD8023236C1800D395EA /* CodeView5 */ = {
			isa = XCSwiftPackageProductDependency;
			productName = CodeView5;
		};
/* End XCSwiftPackageProductDependency section */
	};
	rootObject = BA1BAD6323236BC600D395EA /* Project object */;
}
