{
  "object": {
    "pins": [
      {
        "package": "BTree",
        "repositoryURL": "https://github.com/eonil/BTree",
        "state": {
          "branch": "master",
          "revision": "b95c306e268f90e96efe76dce354192f4ea8d716",
          "version": null
        }
      },
      {
        "package": "SBTL",
        "repositoryURL": "https://github.com/eonil/swift-sbtl",
        "state": {
          "branch": "master",
          "revision": "99128520b62bc9241cdb5898bbe515683f260b7e",
          "version": null
        }
      },
      {
        "package": "TestUtil",
        "repositoryURL": "https://github.com/eonil/swift-test-util",
        "state": {
          "branch": "master",
          "revision": "3c803bc3e2a769280ec6ac4f6dc4f5f2270b46c3",
          "version": null
        }
      }
    ]
  },
  "version": 1
}
